# THIS IS AN AUTOGENERATED FILE. DO NOT EDIT THIS FILE DIRECTLY.
# yarn lockfile v1


array-find-index@^1.0.2:
  version "1.0.2"
  resolved "https://registry.yarnpkg.com/array-find-index/-/array-find-index-1.0.2.tgz#df010aa1287e164bbda6f9723b0a96a1ec4187a1"

mint-ui@^2.2.13:
  version "2.2.13"
  resolved "https://registry.yarnpkg.com/mint-ui/-/mint-ui-2.2.13.tgz#856a2cba9608c6ecf21f0e521ce89ed8ddfe33d3"
  dependencies:
    array-find-index "^1.0.2"
    raf.js "0.0.4"
    vue-lazyload "^1.0.1"

raf.js@0.0.4:
  version "0.0.4"
  resolved "https://registry.yarnpkg.com/raf.js/-/raf.js-0.0.4.tgz#f15af445d241b27fa7131a57450b67ef9c402fec"

vue-lazyload@^1.0.1:
  version "1.2.6"
  resolved "https://registry.yarnpkg.com/vue-lazyload/-/vue-lazyload-1.2.6.tgz#baa04c172d52a812608eb12c7a6bfb14f5c91079"
